
Microsoft Visual Studio Solution File, Format Version 12.00
# Visual Studio Version 16
VisualStudioVersion = 16.0.32630.194
MinimumVisualStudioVersion = 10.0.40219.1
Project("{FAE04EC0-301F-11D3-BF4B-00C04F79EFBC}") = "Task1", "Task1\Task1.csproj", "{17E2AA4E-2FE9-4253-A2A9-EE50C71FF452}"
EndProject
Global
	GlobalSection(SolutionConfigurationPlatforms) = preSolution
		Debug|Any CPU = Debug|Any CPU
		Release|Any CPU = Release|Any CPU
	EndGlobalSection
	GlobalSection(ProjectConfigurationPlatforms) = postSolution
		{17E2AA4E-2FE9-4253-A2A9-EE50C71FF452}.Debug|Any CPU.ActiveCfg = Debug|Any CPU
		{17E2AA4E-2FE9-4253-A2A9-EE50C71FF452}.Debug|Any CPU.Build.0 = Debug|Any CPU
		{17E2AA4E-2FE9-4253-A2A9-EE50C71FF452}.Release|Any CPU.ActiveCfg = Release|Any CPU
		{17E2AA4E-2FE9-4253-A2A9-EE50C71FF452}.Release|Any CPU.Build.0 = Release|Any CPU
	EndGlobalSection
	GlobalSection(SolutionProperties) = preSolution
		HideSolutionNode = FALSE
	EndGlobalSection
	GlobalSection(ExtensibilityGlobals) = postSolution
		SolutionGuid = {1E7AE9BE-C50A-4FE1-8BD3-854C14AB0F7C}
	EndGlobalSection
EndGlobal
